<Solution>
  <Project Path="SistemaHorarios.Datos/SistemaHorarios.Datos.vbproj" Id="eab1bc54-6d14-42ca-9281-26457d647a00" />
  <Project Path="SistemaHorarios.Logica/SistemaHorarios.Logica.vbproj" Id="1e637b62-cbf7-4989-b7fd-d00f283283a2" />
  <Project Path="SistemaHorarios.UI/SistemaHorarios.UI.vbproj" Id="d96967b3-29d7-4b5a-a34c-a23b01662660" />
</Solution>
